
Microsoft Visual Studio Solution File, Format Version 12.00
# Visual Studio 15
VisualStudioVersion = 15.0.27703.2042
MinimumVisualStudioVersion = 10.0.40219.1
Project("{FAE04EC0-301F-11D3-BF4B-00C04F79EFBC}") = "Service.Interface", "Service.Interface\Service.Interface.csproj", "{F4E49F4F-FC12-46B9-B1BC-744E26E9942C}"
EndProject
Project("{FAE04EC0-301F-11D3-BF4B-00C04F79EFBC}") = "Service", "Service\Service.csproj", "{C2BEFE8B-DF7D-4DF8-A5F8-BF76D5883B65}"
EndProject
Project("{FAE04EC0-301F-11D3-BF4B-00C04F79EFBC}") = "Hosting", "Hosting\Hosting.csproj", "{6D4E6B30-14A4-4EFD-8D0A-8692ADEB778B}"
EndProject
Project("{FAE04EC0-301F-11D3-BF4B-00C04F79EFBC}") = "Client", "Client\Client.csproj", "{96CA3760-B089-4618-B8D7-83D7E2C4BBE3}"
EndProject
Global
	GlobalSection(SolutionConfigurationPlatforms) = preSolution
		Debug|Any CPU = Debug|Any CPU
		Release|Any CPU = Release|Any CPU
	EndGlobalSection
	GlobalSection(ProjectConfigurationPlatforms) = postSolution
		{F4E49F4F-FC12-46B9-B1BC-744E26E9942C}.Debug|Any CPU.ActiveCfg = Debug|Any CPU
		{F4E49F4F-FC12-46B9-B1BC-744E26E9942C}.Debug|Any CPU.Build.0 = Debug|Any CPU
		{F4E49F4F-FC12-46B9-B1BC-744E26E9942C}.Release|Any CPU.ActiveCfg = Release|Any CPU
		{F4E49F4F-FC12-46B9-B1BC-744E26E9942C}.Release|Any CPU.Build.0 = Release|Any CPU
		{C2BEFE8B-DF7D-4DF8-A5F8-BF76D5883B65}.Debug|Any CPU.ActiveCfg = Debug|Any CPU
		{C2BEFE8B-DF7D-4DF8-A5F8-BF76D5883B65}.Debug|Any CPU.Build.0 = Debug|Any CPU
		{C2BEFE8B-DF7D-4DF8-A5F8-BF76D5883B65}.Release|Any CPU.ActiveCfg = Release|Any CPU
		{C2BEFE8B-DF7D-4DF8-A5F8-BF76D5883B65}.Release|Any CPU.Build.0 = Release|Any CPU
		{6D4E6B30-14A4-4EFD-8D0A-8692ADEB778B}.Debug|Any CPU.ActiveCfg = Debug|Any CPU
		{6D4E6B30-14A4-4EFD-8D0A-8692ADEB778B}.Debug|Any CPU.Build.0 = Debug|Any CPU
		{6D4E6B30-14A4-4EFD-8D0A-8692ADEB778B}.Release|Any CPU.ActiveCfg = Release|Any CPU
		{6D4E6B30-14A4-4EFD-8D0A-8692ADEB778B}.Release|Any CPU.Build.0 = Release|Any CPU
		{96CA3760-B089-4618-B8D7-83D7E2C4BBE3}.Debug|Any CPU.ActiveCfg = Debug|Any CPU
		{96CA3760-B089-4618-B8D7-83D7E2C4BBE3}.Debug|Any CPU.Build.0 = Debug|Any CPU
		{96CA3760-B089-4618-B8D7-83D7E2C4BBE3}.Release|Any CPU.ActiveCfg = Release|Any CPU
		{96CA3760-B089-4618-B8D7-83D7E2C4BBE3}.Release|Any CPU.Build.0 = Release|Any CPU
	EndGlobalSection
	GlobalSection(SolutionProperties) = preSolution
		HideSolutionNode = FALSE
	EndGlobalSection
	GlobalSection(ExtensibilityGlobals) = postSolution
		SolutionGuid = {D64DFEE3-CC00-481B-B4B1-B4AE38A0D253}
	EndGlobalSection
EndGlobal
